
Microsoft Visual Studio Solution File, Format Version 12.00
Project("{2150E333-8FDC-42A3-9474-1A3956D46DE8}") = "Frontend", "Frontend", "{0EB24790-8376-4936-AFEB-690D6E903661}"
EndProject
Project("{2150E333-8FDC-42A3-9474-1A3956D46DE8}") = "Gateway", "Gateway", "{63E880BA-D4E4-47AA-975B-4DE4088AF836}"
EndProject
Project("{2150E333-8FDC-42A3-9474-1A3956D46DE8}") = "Integration", "Integration", "{8B36DCED-E6F5-4C7C-A0CE-DBA28E9737EA}"
EndProject
Project("{2150E333-8FDC-42A3-9474-1A3956D46DE8}") = "Services", "Services", "{D77CFEF1-87DA-4623-A3BD-23C37BD34DCA}"
EndProject
Project("{FAE04EC0-301F-11D3-BF4B-00C04F79EFBC}") = "Micro.Services.CouponAPI", "Micro.Services.CouponAPI\Micro.Services.CouponAPI.csproj", "{F30856D9-F904-4616-9942-B68F663D7E84}"
EndProject
Project("{FAE04EC0-301F-11D3-BF4B-00C04F79EFBC}") = "Micro.Web", "Micro.Web\Micro.Web.csproj", "{85F9E818-992C-43D8-A3E7-5A19E9B1B13C}"
EndProject
Project("{FAE04EC0-301F-11D3-BF4B-00C04F79EFBC}") = "Micro.Services.AuthAPI", "Micro.Services.AuthAPI\Micro.Services.AuthAPI.csproj", "{97AFD7B6-1701-4565-B147-1F85C14FC641}"
EndProject
Project("{FAE04EC0-301F-11D3-BF4B-00C04F79EFBC}") = "Micro.Services.ProductAPI", "Micro.Services.ProductAPI\Micro.Services.ProductAPI.csproj", "{BF1EF2A6-1914-4E6F-8E37-A1EF3842B715}"
EndProject
Project("{FAE04EC0-301F-11D3-BF4B-00C04F79EFBC}") = "Micro.Services.ShoppingCartAPI", "Micro.Services.ShoppingCartAPI\Micro.Services.ShoppingCartAPI.csproj", "{293BD0A7-3457-4E67-BA17-B6CC927E6399}"
EndProject
Global
	GlobalSection(SolutionConfigurationPlatforms) = preSolution
		Debug|Any CPU = Debug|Any CPU
		Release|Any CPU = Release|Any CPU
	EndGlobalSection
	GlobalSection(NestedProjects) = preSolution
		{F30856D9-F904-4616-9942-B68F663D7E84} = {D77CFEF1-87DA-4623-A3BD-23C37BD34DCA}
		{85F9E818-992C-43D8-A3E7-5A19E9B1B13C} = {0EB24790-8376-4936-AFEB-690D6E903661}
		{97AFD7B6-1701-4565-B147-1F85C14FC641} = {D77CFEF1-87DA-4623-A3BD-23C37BD34DCA}
		{BF1EF2A6-1914-4E6F-8E37-A1EF3842B715} = {D77CFEF1-87DA-4623-A3BD-23C37BD34DCA}
		{293BD0A7-3457-4E67-BA17-B6CC927E6399} = {D77CFEF1-87DA-4623-A3BD-23C37BD34DCA}
	EndGlobalSection
	GlobalSection(ProjectConfigurationPlatforms) = postSolution
		{F30856D9-F904-4616-9942-B68F663D7E84}.Debug|Any CPU.ActiveCfg = Debug|Any CPU
		{F30856D9-F904-4616-9942-B68F663D7E84}.Debug|Any CPU.Build.0 = Debug|Any CPU
		{F30856D9-F904-4616-9942-B68F663D7E84}.Release|Any CPU.ActiveCfg = Release|Any CPU
		{F30856D9-F904-4616-9942-B68F663D7E84}.Release|Any CPU.Build.0 = Release|Any CPU
		{85F9E818-992C-43D8-A3E7-5A19E9B1B13C}.Debug|Any CPU.ActiveCfg = Debug|Any CPU
		{85F9E818-992C-43D8-A3E7-5A19E9B1B13C}.Debug|Any CPU.Build.0 = Debug|Any CPU
		{85F9E818-992C-43D8-A3E7-5A19E9B1B13C}.Release|Any CPU.ActiveCfg = Release|Any CPU
		{85F9E818-992C-43D8-A3E7-5A19E9B1B13C}.Release|Any CPU.Build.0 = Release|Any CPU
		{97AFD7B6-1701-4565-B147-1F85C14FC641}.Debug|Any CPU.ActiveCfg = Debug|Any CPU
		{97AFD7B6-1701-4565-B147-1F85C14FC641}.Debug|Any CPU.Build.0 = Debug|Any CPU
		{97AFD7B6-1701-4565-B147-1F85C14FC641}.Release|Any CPU.ActiveCfg = Release|Any CPU
		{97AFD7B6-1701-4565-B147-1F85C14FC641}.Release|Any CPU.Build.0 = Release|Any CPU
		{BF1EF2A6-1914-4E6F-8E37-A1EF3842B715}.Debug|Any CPU.ActiveCfg = Debug|Any CPU
		{BF1EF2A6-1914-4E6F-8E37-A1EF3842B715}.Debug|Any CPU.Build.0 = Debug|Any CPU
		{BF1EF2A6-1914-4E6F-8E37-A1EF3842B715}.Release|Any CPU.ActiveCfg = Release|Any CPU
		{BF1EF2A6-1914-4E6F-8E37-A1EF3842B715}.Release|Any CPU.Build.0 = Release|Any CPU
		{293BD0A7-3457-4E67-BA17-B6CC927E6399}.Debug|Any CPU.ActiveCfg = Debug|Any CPU
		{293BD0A7-3457-4E67-BA17-B6CC927E6399}.Debug|Any CPU.Build.0 = Debug|Any CPU
		{293BD0A7-3457-4E67-BA17-B6CC927E6399}.Release|Any CPU.ActiveCfg = Release|Any CPU
		{293BD0A7-3457-4E67-BA17-B6CC927E6399}.Release|Any CPU.Build.0 = Release|Any CPU
	EndGlobalSection
EndGlobal
